
Microsoft Visual Studio Solution File, Format Version 12.00
# Visual Studio 15
VisualStudioVersion = 15.0.28010.2003
MinimumVisualStudioVersion = 10.0.40219.1
Project("{9A19103F-16F7-4668-BE54-9A1E7A4F7556}") = "FactoryPattern", "FactoryPattern\FactoryPattern.csproj", "{FF8321A8-2917-4284-AF93-862281EF94C9}"
EndProject
Project("{9A19103F-16F7-4668-BE54-9A1E7A4F7556}") = "FacadePattern", "FacadePattern\FacadePattern.csproj", "{2CF8D190-FC30-4433-882D-2754407D9F91}"
EndProject
Project("{9A19103F-16F7-4668-BE54-9A1E7A4F7556}") = "AdapterPattern", "AdapterPattern\AdapterPattern.csproj", "{F89DDCE9-7B26-4C07-8BA3-EE0C4C107C4A}"
EndProject
Project("{FAE04EC0-301F-11D3-BF4B-00C04F79EFBC}") = "ObserverPattern", "ObserverPattern\ObserverPattern.csproj", "{D17C350F-9029-4B26-B54A-B668A267686C}"
EndProject
Global
	GlobalSection(SolutionConfigurationPlatforms) = preSolution
		Debug|Any CPU = Debug|Any CPU
		Release|Any CPU = Release|Any CPU
	EndGlobalSection
	GlobalSection(ProjectConfigurationPlatforms) = postSolution
		{FF8321A8-2917-4284-AF93-862281EF94C9}.Debug|Any CPU.ActiveCfg = Debug|Any CPU
		{FF8321A8-2917-4284-AF93-862281EF94C9}.Debug|Any CPU.Build.0 = Debug|Any CPU
		{FF8321A8-2917-4284-AF93-862281EF94C9}.Release|Any CPU.ActiveCfg = Release|Any CPU
		{FF8321A8-2917-4284-AF93-862281EF94C9}.Release|Any CPU.Build.0 = Release|Any CPU
		{2CF8D190-FC30-4433-882D-2754407D9F91}.Debug|Any CPU.ActiveCfg = Debug|Any CPU
		{2CF8D190-FC30-4433-882D-2754407D9F91}.Debug|Any CPU.Build.0 = Debug|Any CPU
		{2CF8D190-FC30-4433-882D-2754407D9F91}.Release|Any CPU.ActiveCfg = Release|Any CPU
		{2CF8D190-FC30-4433-882D-2754407D9F91}.Release|Any CPU.Build.0 = Release|Any CPU
		{F89DDCE9-7B26-4C07-8BA3-EE0C4C107C4A}.Debug|Any CPU.ActiveCfg = Debug|Any CPU
		{F89DDCE9-7B26-4C07-8BA3-EE0C4C107C4A}.Debug|Any CPU.Build.0 = Debug|Any CPU
		{F89DDCE9-7B26-4C07-8BA3-EE0C4C107C4A}.Release|Any CPU.ActiveCfg = Release|Any CPU
		{F89DDCE9-7B26-4C07-8BA3-EE0C4C107C4A}.Release|Any CPU.Build.0 = Release|Any CPU
		{D17C350F-9029-4B26-B54A-B668A267686C}.Debug|Any CPU.ActiveCfg = Debug|Any CPU
		{D17C350F-9029-4B26-B54A-B668A267686C}.Debug|Any CPU.Build.0 = Debug|Any CPU
		{D17C350F-9029-4B26-B54A-B668A267686C}.Release|Any CPU.ActiveCfg = Release|Any CPU
		{D17C350F-9029-4B26-B54A-B668A267686C}.Release|Any CPU.Build.0 = Release|Any CPU
	EndGlobalSection
	GlobalSection(SolutionProperties) = preSolution
		HideSolutionNode = FALSE
	EndGlobalSection
	GlobalSection(ExtensibilityGlobals) = postSolution
		SolutionGuid = {6E249402-B833-48F2-8CA6-C4C99BA4395D}
	EndGlobalSection
EndGlobal
